
Microsoft Visual Studio Solution File, Format Version 12.00
# Visual Studio Version 16
VisualStudioVersion = 16.0.30204.135
MinimumVisualStudioVersion = 10.0.40219.1
Project("{FAE04EC0-301F-11D3-BF4B-00C04F79EFBC}") = "know_it_to_win_it_program", "know_it_to_win_it_program.csproj", "{29A30FC2-EF5B-46F2-9B71-92410FABAB58}"
EndProject
Global
	GlobalSection(SolutionConfigurationPlatforms) = preSolution
		Debug|Any CPU = Debug|Any CPU
		Release|Any CPU = Release|Any CPU
	EndGlobalSection
	GlobalSection(ProjectConfigurationPlatforms) = postSolution
		{29A30FC2-EF5B-46F2-9B71-92410FABAB58}.Debug|Any CPU.ActiveCfg = Debug|Any CPU
		{29A30FC2-EF5B-46F2-9B71-92410FABAB58}.Debug|Any CPU.Build.0 = Debug|Any CPU
		{29A30FC2-EF5B-46F2-9B71-92410FABAB58}.Release|Any CPU.ActiveCfg = Release|Any CPU
		{29A30FC2-EF5B-46F2-9B71-92410FABAB58}.Release|Any CPU.Build.0 = Release|Any CPU
	EndGlobalSection
	GlobalSection(SolutionProperties) = preSolution
		HideSolutionNode = FALSE
	EndGlobalSection
	GlobalSection(ExtensibilityGlobals) = postSolution
		SolutionGuid = {CD9FA6AF-E10C-41D6-917E-B9BC64E2E89A}
	EndGlobalSection
EndGlobal
